// !$*UTF8*$!
{
	archiveVersion = 1;
	classes = {
	};
	objectVersion = 50;
	objects = {

/* Begin PBXBuildFile section */
		8A2B98CFC0143448B37630A9 /* libPods-aircast-demo.a in Frameworks */ = {isa = PBXBuildFile; fileRef = 28F41E6B9B4E285605947F92 /* libPods-aircast-demo.a */; };
		F01925A5204C281B0097B821 /* AppDelegate.m in Sources */ = {isa = PBXBuildFile; fileRef = F01925A4204C281B0097B821 /* AppDelegate.m */; };
		F01925A8204C281B0097B821 /* ViewController.m in Sources */ = {isa = PBXBuildFile; fileRef = F01925A7204C281B0097B821 /* ViewController.m */; };
		F01925AB204C281B0097B821 /* Main.storyboard in Resources */ = {isa = PBXBuildFile; fileRef = F01925A9204C281B0097B821 /* Main.storyboard */; };
		F01925AD204C281D0097B821 /* Assets.xcassets in Resources */ = {isa = PBXBuildFile; fileRef = F01925AC204C281D0097B821 /* Assets.xcassets */; };
		F01925B0204C281D0097B821 /* LaunchScreen.storyboard in Resources */ = {isa = PBXBuildFile; fileRef = F01925AE204C281D0097B821 /* LaunchScreen.storyboard */; };
		F01925B3204C281D0097B821 /* main.m in Sources */ = {isa = PBXBuildFile; fileRef = F01925B2204C281D0097B821 /* main.m */; };
/* End PBXBuildFile section */

/* Begin PBXFileReference section */
		28F41E6B9B4E285605947F92 /* libPods-aircast-demo.a */ = {isa = PBXFileReference; explicitFileType = archive.ar; includeInIndex = 0; path = "libPods-aircast-demo.a"; sourceTree = BUILT_PRODUCTS_DIR; };
		8927950AFB2F95C09A31FD2A /* Pods-aircast-demo.release.xcconfig */ = {isa = PBXFileReference; includeInIndex = 1; lastKnownFileType = text.xcconfig; name = "Pods-aircast-demo.release.xcconfig"; path = "Pods/Target Support Files/Pods-aircast-demo/Pods-aircast-demo.release.xcconfig"; sourceTree = "<group>"; };
		B9EBD621BCD2E3A956CE8F2F /* Pods-aircast-demo.debug.xcconfig */ = {isa = PBXFileReference; includeInIndex = 1; lastKnownFileType = text.xcconfig; name = "Pods-aircast-demo.debug.xcconfig"; path = "Pods/Target Support Files/Pods-aircast-demo/Pods-aircast-demo.debug.xcconfig"; sourceTree = "<group>"; };
		F01925A0204C281B0097B821 /* aircast-demo.app */ = {isa = PBXFileReference; explicitFileType = wrapper.application; includeInIndex = 0; path = "aircast-demo.app"; sourceTree = BUILT_PRODUCTS_DIR; };
		F01925A3204C281B0097B821 /* AppDelegate.h */ = {isa = PBXFileReference; lastKnownFileType = sourcecode.c.h; path = AppDelegate.h; sourceTree = "<group>"; };
		F01925A4204C281B0097B821 /* AppDelegate.m */ = {isa = PBXFileReference; lastKnownFileType = sourcecode.c.objc; path = AppDelegate.m; sourceTree = "<group>"; };
		F01925A6204C281B0097B821 /* ViewController.h */ = {isa = PBXFileReference; lastKnownFileType = sourcecode.c.h; path = ViewController.h; sourceTree = "<group>"; };
		F01925A7204C281B0097B821 /* ViewController.m */ = {isa = PBXFileReference; lastKnownFileType = sourcecode.c.objc; path = ViewController.m; sourceTree = "<group>"; };
		F01925AA204C281B0097B821 /* Base */ = {isa = PBXFileReference; lastKnownFileType = file.storyboard; name = Base; path = Base.lproj/Main.storyboard; sourceTree = "<group>"; };
		F01925AC204C281D0097B821 /* Assets.xcassets */ = {isa = PBXFileReference; lastKnownFileType = folder.assetcatalog; path = Assets.xcassets; sourceTree = "<group>"; };
		F01925AF204C281D0097B821 /* Base */ = {isa = PBXFileReference; lastKnownFileType = file.storyboard; name = Base; path = Base.lproj/LaunchScreen.storyboard; sourceTree = "<group>"; };
		F01925B1204C281D0097B821 /* Info.plist */ = {isa = PBXFileReference; lastKnownFileType = text.plist.xml; path = Info.plist; sourceTree = "<group>"; };
		F01925B2204C281D0097B821 /* main.m */ = {isa = PBXFileReference; lastKnownFileType = sourcecode.c.objc; path = main.m; sourceTree = "<group>"; };
/* End PBXFileReference section */

/* Begin PBXFrameworksBuildPhase section */
		F019259D204C281B0097B821 /* Frameworks */ = {
			isa = PBXFrameworksBuildPhase;
			buildActionMask = 2147483647;
			files = (
				8A2B98CFC0143448B37630A9 /* libPods-aircast-demo.a in Frameworks */,
			);
			runOnlyForDeploymentPostprocessing = 0;
		};
/* End PBXFrameworksBuildPhase section */

/* Begin PBXGroup section */
		BC8E03675B22D8BE2D2F6304 /* Pods */ = {
			isa = PBXGroup;
			children = (
				B9EBD621BCD2E3A956CE8F2F /* Pods-aircast-demo.debug.xcconfig */,
				8927950AFB2F95C09A31FD2A /* Pods-aircast-demo.release.xcconfig */,
			);
			name = Pods;
			sourceTree = "<group>";
		};
		DC1BB5A4E0E9899E6D9D0723 /* Frameworks */ = {
			isa = PBXGroup;
			children = (
				28F41E6B9B4E285605947F92 /* libPods-aircast-demo.a */,
			);
			name = Frameworks;
			sourceTree = "<group>";
		};
		F0192597204C281B0097B821 = {
			isa = PBXGroup;
			children = (
				F01925A2204C281B0097B821 /* aircast-demo */,
				F01925A1204C281B0097B821 /* Products */,
				BC8E03675B22D8BE2D2F6304 /* Pods */,
				DC1BB5A4E0E9899E6D9D0723 /* Frameworks */,
			);
			sourceTree = "<group>";
		};
		F01925A1204C281B0097B821 /* Products */ = {
			isa = PBXGroup;
			children = (
				F01925A0204C281B0097B821 /* aircast-demo.app */,
			);
			name = Products;
			sourceTree = "<group>";
		};
		F01925A2204C281B0097B821 /* aircast-demo */ = {
			isa = PBXGroup;
			children = (
				F01925A3204C281B0097B821 /* AppDelegate.h */,
				F01925A4204C281B0097B821 /* AppDelegate.m */,
				F01925A6204C281B0097B821 /* ViewController.h */,
				F01925A7204C281B0097B821 /* ViewController.m */,
				F01925A9204C281B0097B821 /* Main.storyboard */,
				F01925AC204C281D0097B821 /* Assets.xcassets */,
				F01925AE204C281D0097B821 /* LaunchScreen.storyboard */,
				F01925B1204C281D0097B821 /* Info.plist */,
				F01925B2204C281D0097B821 /* main.m */,
			);
			path = "aircast-demo";
			sourceTree = "<group>";
		};
/* End PBXGroup section */

/* Begin PBXNativeTarget section */
		F019259F204C281B0097B821 /* aircast-demo */ = {
			isa = PBXNativeTarget;
			buildConfigurationList = F01925B6204C281D0097B821 /* Build configuration list for PBXNativeTarget "aircast-demo" */;
			buildPhases = (
				6E8C0D100EB6AC862AC27483 /* [CP] Check Pods Manifest.lock */,
				F019259C204C281B0097B821 /* Sources */,
				F019259D204C281B0097B821 /* Frameworks */,
				F019259E204C281B0097B821 /* Resources */,
				03479E8AC4B2C7E00F07F6EA /* [CP] Embed Pods Frameworks */,
				F88CC38F414A70A58D9DA43F /* [CP] Copy Pods Resources */,
			);
			buildRules = (
			);
			dependencies = (
			);
			name = "aircast-demo";
			productName = "aircast-demo";
			productReference = F01925A0204C281B0097B821 /* aircast-demo.app */;
			productType = "com.apple.product-type.application";
		};
/* End PBXNativeTarget section */

/* Begin PBXProject section */
		F0192598204C281B0097B821 /* Project object */ = {
			isa = PBXProject;
			attributes = {
				LastUpgradeCheck = 0930;
				ORGANIZATIONNAME = dotEngine;
				TargetAttributes = {
					F019259F204C281B0097B821 = {
						CreatedOnToolsVersion = 9.3;
					};
				};
			};
			buildConfigurationList = F019259B204C281B0097B821 /* Build configuration list for PBXProject "aircast-demo" */;
			compatibilityVersion = "Xcode 9.3";
			developmentRegion = en;
			hasScannedForEncodings = 0;
			knownRegions = (
				en,
				Base,
			);
			mainGroup = F0192597204C281B0097B821;
			productRefGroup = F01925A1204C281B0097B821 /* Products */;
			projectDirPath = "";
			projectRoot = "";
			targets = (
				F019259F204C281B0097B821 /* aircast-demo */,
			);
		};
/* End PBXProject section */

/* Begin PBXResourcesBuildPhase section */
		F019259E204C281B0097B821 /* Resources */ = {
			isa = PBXResourcesBuildPhase;
			buildActionMask = 2147483647;
			files = (
				F01925B0204C281D0097B821 /* LaunchScreen.storyboard in Resources */,
				F01925AD204C281D0097B821 /* Assets.xcassets in Resources */,
				F01925AB204C281B0097B821 /* Main.storyboard in Resources */,
			);
			runOnlyForDeploymentPostprocessing = 0;
		};
/* End PBXResourcesBuildPhase section */

/* Begin PBXShellScriptBuildPhase section */
		03479E8AC4B2C7E00F07F6EA /* [CP] Embed Pods Frameworks */ = {
			isa = PBXShellScriptBuildPhase;
			buildActionMask = 2147483647;
			files = (
			);
			inputPaths = (
				"${SRCROOT}/Pods/Target Support Files/Pods-aircast-demo/Pods-aircast-demo-frameworks.sh",
				"${PODS_ROOT}/aircast/aircast_sdk_ios.framework",
			);
			name = "[CP] Embed Pods Frameworks";
			outputPaths = (
				"${TARGET_BUILD_DIR}/${FRAMEWORKS_FOLDER_PATH}/aircast_sdk_ios.framework",
			);
			runOnlyForDeploymentPostprocessing = 0;
			shellPath = /bin/sh;
			shellScript = "\"${SRCROOT}/Pods/Target Support Files/Pods-aircast-demo/Pods-aircast-demo-frameworks.sh\"\n";
			showEnvVarsInLog = 0;
		};
		6E8C0D100EB6AC862AC27483 /* [CP] Check Pods Manifest.lock */ = {
			isa = PBXShellScriptBuildPhase;
			buildActionMask = 2147483647;
			files = (
			);
			inputPaths = (
				"${PODS_PODFILE_DIR_PATH}/Podfile.lock",
				"${PODS_ROOT}/Manifest.lock",
			);
			name = "[CP] Check Pods Manifest.lock";
			outputPaths = (
				"$(DERIVED_FILE_DIR)/Pods-aircast-demo-checkManifestLockResult.txt",
			);
			runOnlyForDeploymentPostprocessing = 0;
			shellPath = /bin/sh;
			shellScript = "diff \"${PODS_PODFILE_DIR_PATH}/Podfile.lock\" \"${PODS_ROOT}/Manifest.lock\" > /dev/null\nif [ $? != 0 ] ; then\n    # print error to STDERR\n    echo \"error: The sandbox is not in sync with the Podfile.lock. Run 'pod install' or update your CocoaPods installation.\" >&2\n    exit 1\nfi\n# This output is used by Xcode 'outputs' to avoid re-running this script phase.\necho \"SUCCESS\" > \"${SCRIPT_OUTPUT_FILE_0}\"\n";
			showEnvVarsInLog = 0;
		};
		F88CC38F414A70A58D9DA43F /* [CP] Copy Pods Resources */ = {
			isa = PBXShellScriptBuildPhase;
			buildActionMask = 2147483647;
			files = (
			);
			inputPaths = (
			);
			name = "[CP] Copy Pods Resources";
			outputPaths = (
			);
			runOnlyForDeploymentPostprocessing = 0;
			shellPath = /bin/sh;
			shellScript = "\"${SRCROOT}/Pods/Target Support Files/Pods-aircast-demo/Pods-aircast-demo-resources.sh\"\n";
			showEnvVarsInLog = 0;
		};
/* End PBXShellScriptBuildPhase section */

/* Begin PBXSourcesBuildPhase section */
		F019259C204C281B0097B821 /* Sources */ = {
			isa = PBXSourcesBuildPhase;
			buildActionMask = 2147483647;
			files = (
				F01925A8204C281B0097B821 /* ViewController.m in Sources */,
				F01925B3204C281D0097B821 /* main.m in Sources */,
				F01925A5204C281B0097B821 /* AppDelegate.m in Sources */,
			);
			runOnlyForDeploymentPostprocessing = 0;
		};
/* End PBXSourcesBuildPhase section */

/* Begin PBXVariantGroup section */
		F01925A9204C281B0097B821 /* Main.storyboard */ = {
			isa = PBXVariantGroup;
			children = (
				F01925AA204C281B0097B821 /* Base */,
			);
			name = Main.storyboard;
			sourceTree = "<group>";
		};
		F01925AE204C281D0097B821 /* LaunchScreen.storyboard */ = {
			isa = PBXVariantGroup;
			children = (
				F01925AF204C281D0097B821 /* Base */,
			);
			name = LaunchScreen.storyboard;
			sourceTree = "<group>";
		};
/* End PBXVariantGroup section */

/* Begin XCBuildConfiguration section */
		F01925B4204C281D0097B821 /* Debug */ = {
			isa = XCBuildConfiguration;
			buildSettings = {
				ALWAYS_SEARCH_USER_PATHS = NO;
				CLANG_ANALYZER_NONNULL = YES;
				CLANG_ANALYZER_NUMBER_OBJECT_CONVERSION = YES_AGGRESSIVE;
				CLANG_CXX_LANGUAGE_STANDARD = "gnu++14";
				CLANG_CXX_LIBRARY = "libc++";
				CLANG_ENABLE_MODULES = YES;
				CLANG_ENABLE_OBJC_ARC = YES;
				CLANG_ENABLE_OBJC_WEAK = YES;
				CLANG_WARN_BLOCK_CAPTURE_AUTORELEASING = YES;
				CLANG_WARN_BOOL_CONVERSION = YES;
				CLANG_WARN_COMMA = YES;
				CLANG_WARN_CONSTANT_CONVERSION = YES;
				CLANG_WARN_DEPRECATED_OBJC_IMPLEMENTATIONS = YES;
				CLANG_WARN_DIRECT_OBJC_ISA_USAGE = YES_ERROR;
				CLANG_WARN_DOCUMENTATION_COMMENTS = YES;
				CLANG_WARN_EMPTY_BODY = YES;
				CLANG_WARN_ENUM_CONVERSION = YES;
				CLANG_WARN_INFINITE_RECURSION = YES;
				CLANG_WARN_INT_CONVERSION = YES;
				CLANG_WARN_NON_LITERAL_NULL_CONVERSION = YES;
				CLANG_WARN_OBJC_IMPLICIT_RETAIN_SELF = YES;
				CLANG_WARN_OBJC_LITERAL_CONVERSION = YES;
				CLANG_WARN_OBJC_ROOT_CLASS = YES_ERROR;
				CLANG_WARN_RANGE_LOOP_ANALYSIS = YES;
				CLANG_WARN_STRICT_PROTOTYPES = YES;
				CLANG_WARN_SUSPICIOUS_MOVE = YES;
				CLANG_WARN_UNGUARDED_AVAILABILITY = YES_AGGRESSIVE;
				CLANG_WARN_UNREACHABLE_CODE = YES;
				CLANG_WARN__DUPLICATE_METHOD_MATCH = YES;
				CODE_SIGN_IDENTITY = "iPhone Developer";
				COPY_PHASE_STRIP = NO;
				DEBUG_INFORMATION_FORMAT = dwarf;
				ENABLE_STRICT_OBJC_MSGSEND = YES;
				ENABLE_TESTABILITY = YES;
				GCC_C_LANGUAGE_STANDARD = gnu11;
				GCC_DYNAMIC_NO_PIC = NO;
				GCC_NO_COMMON_BLOCKS = YES;
				GCC_OPTIMIZATION_LEVEL = 0;
				GCC_PREPROCESSOR_DEFINITIONS = (
					"DEBUG=1",
					"$(inherited)",
				);
				GCC_WARN_64_TO_32_BIT_CONVERSION = YES;
				GCC_WARN_ABOUT_RETURN_TYPE = YES_ERROR;
				GCC_WARN_UNDECLARED_SELECTOR = YES;
				GCC_WARN_UNINITIALIZED_AUTOS = YES_AGGRESSIVE;
				GCC_WARN_UNUSED_FUNCTION = YES;
				GCC_WARN_UNUSED_VARIABLE = YES;
				IPHONEOS_DEPLOYMENT_TARGET = 11.3;
				MTL_ENABLE_DEBUG_INFO = YES;
				ONLY_ACTIVE_ARCH = YES;
				SDKROOT = iphoneos;
			};
			name = Debug;
		};
		F01925B5204C281D0097B821 /* Release */ = {
			isa = XCBuildConfiguration;
			buildSettings = {
				ALWAYS_SEARCH_USER_PATHS = NO;
				CLANG_ANALYZER_NONNULL = YES;
				CLANG_ANALYZER_NUMBER_OBJECT_CONVERSION = YES_AGGRESSIVE;
				CLANG_CXX_LANGUAGE_STANDARD = "gnu++14";
				CLANG_CXX_LIBRARY = "libc++";
				CLANG_ENABLE_MODULES = YES;
				CLANG_ENABLE_OBJC_ARC = YES;
				CLANG_ENABLE_OBJC_WEAK = YES;
				CLANG_WARN_BLOCK_CAPTURE_AUTORELEASING = YES;
				CLANG_WARN_BOOL_CONVERSION = YES;
				CLANG_WARN_COMMA = YES;
				CLANG_WARN_CONSTANT_CONVERSION = YES;
				CLANG_WARN_DEPRECATED_OBJC_IMPLEMENTATIONS = YES;
				CLANG_WARN_DIRECT_OBJC_ISA_USAGE = YES_ERROR;
				CLANG_WARN_DOCUMENTATION_COMMENTS = YES;
				CLANG_WARN_EMPTY_BODY = YES;
				CLANG_WARN_ENUM_CONVERSION = YES;
				CLANG_WARN_INFINITE_RECURSION = YES;
				CLANG_WARN_INT_CONVERSION = YES;
				CLANG_WARN_NON_LITERAL_NULL_CONVERSION = YES;
				CLANG_WARN_OBJC_IMPLICIT_RETAIN_SELF = YES;
				CLANG_WARN_OBJC_LITERAL_CONVERSION = YES;
				CLANG_WARN_OBJC_ROOT_CLASS = YES_ERROR;
				CLANG_WARN_RANGE_LOOP_ANALYSIS = YES;
				CLANG_WARN_STRICT_PROTOTYPES = YES;
				CLANG_WARN_SUSPICIOUS_MOVE = YES;
				CLANG_WARN_UNGUARDED_AVAILABILITY = YES_AGGRESSIVE;
				CLANG_WARN_UNREACHABLE_CODE = YES;
				CLANG_WARN__DUPLICATE_METHOD_MATCH = YES;
				CODE_SIGN_IDENTITY = "iPhone Developer";
				COPY_PHASE_STRIP = NO;
				DEBUG_INFORMATION_FORMAT = "dwarf-with-dsym";
				ENABLE_NS_ASSERTIONS = NO;
				ENABLE_STRICT_OBJC_MSGSEND = YES;
				GCC_C_LANGUAGE_STANDARD = gnu11;
				GCC_NO_COMMON_BLOCKS = YES;
				GCC_WARN_64_TO_32_BIT_CONVERSION = YES;
				GCC_WARN_ABOUT_RETURN_TYPE = YES_ERROR;
				GCC_WARN_UNDECLARED_SELECTOR = YES;
				GCC_WARN_UNINITIALIZED_AUTOS = YES_AGGRESSIVE;
				GCC_WARN_UNUSED_FUNCTION = YES;
				GCC_WARN_UNUSED_VARIABLE = YES;
				IPHONEOS_DEPLOYMENT_TARGET = 11.3;
				MTL_ENABLE_DEBUG_INFO = NO;
				SDKROOT = iphoneos;
				VALIDATE_PRODUCT = YES;
			};
			name = Release;
		};
		F01925B7204C281D0097B821 /* Debug */ = {
			isa = XCBuildConfiguration;
			baseConfigurationReference = B9EBD621BCD2E3A956CE8F2F /* Pods-aircast-demo.debug.xcconfig */;
			buildSettings = {
				ASSETCATALOG_COMPILER_APPICON_NAME = AppIcon;
				CODE_SIGN_STYLE = Automatic;
				DEVELOPMENT_TEAM = CLKRLU8RPY;
				INFOPLIST_FILE = "aircast-demo/Info.plist";
				LD_RUNPATH_SEARCH_PATHS = "$(inherited) @executable_path/Frameworks";
				PRODUCT_BUNDLE_IDENTIFIER = "cc.dot.aircast-demo";
				PRODUCT_NAME = "$(TARGET_NAME)";
				TARGETED_DEVICE_FAMILY = "1,2";
			};
			name = Debug;
		};
		F01925B8204C281D0097B821 /* Release */ = {
			isa = XCBuildConfiguration;
			baseConfigurationReference = 8927950AFB2F95C09A31FD2A /* Pods-aircast-demo.release.xcconfig */;
			buildSettings = {
				ASSETCATALOG_COMPILER_APPICON_NAME = AppIcon;
				CODE_SIGN_STYLE = Automatic;
				DEVELOPMENT_TEAM = CLKRLU8RPY;
				INFOPLIST_FILE = "aircast-demo/Info.plist";
				LD_RUNPATH_SEARCH_PATHS = "$(inherited) @executable_path/Frameworks";
				PRODUCT_BUNDLE_IDENTIFIER = "cc.dot.aircast-demo";
				PRODUCT_NAME = "$(TARGET_NAME)";
				TARGETED_DEVICE_FAMILY = "1,2";
			};
			name = Release;
		};
/* End XCBuildConfiguration section */

/* Begin XCConfigurationList section */
		F019259B204C281B0097B821 /* Build configuration list for PBXProject "aircast-demo" */ = {
			isa = XCConfigurationList;
			buildConfigurations = (
				F01925B4204C281D0097B821 /* Debug */,
				F01925B5204C281D0097B821 /* Release */,
			);
			defaultConfigurationIsVisible = 0;
			defaultConfigurationName = Release;
		};
		F01925B6204C281D0097B821 /* Build configuration list for PBXNativeTarget "aircast-demo" */ = {
			isa = XCConfigurationList;
			buildConfigurations = (
				F01925B7204C281D0097B821 /* Debug */,
				F01925B8204C281D0097B821 /* Release */,
			);
			defaultConfigurationIsVisible = 0;
			defaultConfigurationName = Release;
		};
/* End XCConfigurationList section */
	};
	rootObject = F0192598204C281B0097B821 /* Project object */;
}
